name: Lock Threads

on:
  schedule:
    - cron: '0 0 * * *'
  workflow_dispatch:

concurrency:
  group: ${{ github.workflow }}
  cancel-in-progress: false

jobs:
  lock:
    name: Lock Inactive Threads
    runs-on: ubuntu-latest
    steps:
      - name: Lock Inactive Issues And Pull Requests
        uses: dessant/lock-threads@v5
        with:
          github-token: ${{ github.token }}
          issue-lock-inactive-days: '2'
          pr-lock-inactive-days: '2'
